
Microsoft Visual Studio Solution File, Format Version 12.00
# Visual Studio Version 17
VisualStudioVersion = 17.13.35828.75
MinimumVisualStudioVersion = 10.0.40219.1
Project("{FAE04EC0-301F-11D3-BF4B-00C04F79EFBC}") = "SAEReseaux", "SAEReseaux.csproj", "{8A8EFBD9-9001-4036-B1EE-EF3A87C2E020}"
EndProject
Project("{FAE04EC0-301F-11D3-BF4B-00C04F79EFBC}") = "LibrairieSAE", "..\sae reseaux code\LibrairieSAE.csproj", "{7FCF6655-BB8D-5CA5-DC9D-275FAC273948}"
EndProject
Global
	GlobalSection(SolutionConfigurationPlatforms) = preSolution
		Debug|Any CPU = Debug|Any CPU
		Release|Any CPU = Release|Any CPU
	EndGlobalSection
	GlobalSection(ProjectConfigurationPlatforms) = postSolution
		{8A8EFBD9-9001-4036-B1EE-EF3A87C2E020}.Debug|Any CPU.ActiveCfg = Debug|Any CPU
		{8A8EFBD9-9001-4036-B1EE-EF3A87C2E020}.Debug|Any CPU.Build.0 = Debug|Any CPU
		{8A8EFBD9-9001-4036-B1EE-EF3A87C2E020}.Release|Any CPU.ActiveCfg = Release|Any CPU
		{8A8EFBD9-9001-4036-B1EE-EF3A87C2E020}.Release|Any CPU.Build.0 = Release|Any CPU
		{7FCF6655-BB8D-5CA5-DC9D-275FAC273948}.Debug|Any CPU.ActiveCfg = Debug|Any CPU
		{7FCF6655-BB8D-5CA5-DC9D-275FAC273948}.Debug|Any CPU.Build.0 = Debug|Any CPU
		{7FCF6655-BB8D-5CA5-DC9D-275FAC273948}.Release|Any CPU.ActiveCfg = Release|Any CPU
		{7FCF6655-BB8D-5CA5-DC9D-275FAC273948}.Release|Any CPU.Build.0 = Release|Any CPU
	EndGlobalSection
	GlobalSection(SolutionProperties) = preSolution
		HideSolutionNode = FALSE
	EndGlobalSection
	GlobalSection(ExtensibilityGlobals) = postSolution
		SolutionGuid = {C1C79BA2-496A-4774-BD0D-73F28A4A6C32}
	EndGlobalSection
EndGlobal
